
Microsoft Visual Studio Solution File, Format Version 12.00
# Visual Studio Version 17
VisualStudioVersion = 17.7.34018.315
MinimumVisualStudioVersion = 10.0.40219.1
Project("{FAE04EC0-301F-11D3-BF4B-00C04F79EFBC}") = "ToDoApplication", "ToDoApplication.csproj", "{9A648725-8A84-452C-9223-77AB468D52FF}"
EndProject
Global
	GlobalSection(SolutionConfigurationPlatforms) = preSolution
		Debug|Any CPU = Debug|Any CPU
		Release|Any CPU = Release|Any CPU
	EndGlobalSection
	GlobalSection(ProjectConfigurationPlatforms) = postSolution
		{9A648725-8A84-452C-9223-77AB468D52FF}.Debug|Any CPU.ActiveCfg = Debug|Any CPU
		{9A648725-8A84-452C-9223-77AB468D52FF}.Debug|Any CPU.Build.0 = Debug|Any CPU
		{9A648725-8A84-452C-9223-77AB468D52FF}.Release|Any CPU.ActiveCfg = Release|Any CPU
		{9A648725-8A84-452C-9223-77AB468D52FF}.Release|Any CPU.Build.0 = Release|Any CPU
	EndGlobalSection
	GlobalSection(SolutionProperties) = preSolution
		HideSolutionNode = FALSE
	EndGlobalSection
	GlobalSection(ExtensibilityGlobals) = postSolution
		SolutionGuid = {68969C5D-86BC-4070-A1FD-C290B64F3103}
	EndGlobalSection
EndGlobal
